
Microsoft Visual Studio Solution File, Format Version 12.00
# Visual Studio Version 16
VisualStudioVersion = 16.0.30011.22
MinimumVisualStudioVersion = 10.0.40219.1
Project("{9A19103F-16F7-4668-BE54-9A1E7A4F7556}") = "YesSoftWepApp", "YesSoftWepApp\YesSoftWepApp.csproj", "{AAA8051B-4622-452C-8920-A0E096A3A58B}"
EndProject
Project("{FAE04EC0-301F-11D3-BF4B-00C04F79EFBC}") = "Data", "Data\Data.csproj", "{F7FB105A-AF47-46BD-AF7B-C8B150E08313}"
EndProject
Project("{FAE04EC0-301F-11D3-BF4B-00C04F79EFBC}") = "infra", "infra\infra.csproj", "{D938E2D4-A9B4-479E-9F34-DC1A76ADCC4B}"
EndProject
Global
	GlobalSection(SolutionConfigurationPlatforms) = preSolution
		Debug|Any CPU = Debug|Any CPU
		Release|Any CPU = Release|Any CPU
	EndGlobalSection
	GlobalSection(ProjectConfigurationPlatforms) = postSolution
		{AAA8051B-4622-452C-8920-A0E096A3A58B}.Debug|Any CPU.ActiveCfg = Debug|Any CPU
		{AAA8051B-4622-452C-8920-A0E096A3A58B}.Debug|Any CPU.Build.0 = Debug|Any CPU
		{AAA8051B-4622-452C-8920-A0E096A3A58B}.Release|Any CPU.ActiveCfg = Release|Any CPU
		{AAA8051B-4622-452C-8920-A0E096A3A58B}.Release|Any CPU.Build.0 = Release|Any CPU
		{F7FB105A-AF47-46BD-AF7B-C8B150E08313}.Debug|Any CPU.ActiveCfg = Debug|Any CPU
		{F7FB105A-AF47-46BD-AF7B-C8B150E08313}.Debug|Any CPU.Build.0 = Debug|Any CPU
		{F7FB105A-AF47-46BD-AF7B-C8B150E08313}.Release|Any CPU.ActiveCfg = Release|Any CPU
		{F7FB105A-AF47-46BD-AF7B-C8B150E08313}.Release|Any CPU.Build.0 = Release|Any CPU
		{D938E2D4-A9B4-479E-9F34-DC1A76ADCC4B}.Debug|Any CPU.ActiveCfg = Debug|Any CPU
		{D938E2D4-A9B4-479E-9F34-DC1A76ADCC4B}.Debug|Any CPU.Build.0 = Debug|Any CPU
		{D938E2D4-A9B4-479E-9F34-DC1A76ADCC4B}.Release|Any CPU.ActiveCfg = Release|Any CPU
		{D938E2D4-A9B4-479E-9F34-DC1A76ADCC4B}.Release|Any CPU.Build.0 = Release|Any CPU
	EndGlobalSection
	GlobalSection(SolutionProperties) = preSolution
		HideSolutionNode = FALSE
	EndGlobalSection
	GlobalSection(ExtensibilityGlobals) = postSolution
		SolutionGuid = {01FD3163-CEE4-43D5-BFEA-B0B5661A1B4C}
	EndGlobalSection
EndGlobal
